
Microsoft Visual Studio Solution File, Format Version 12.00
# Visual Studio 15
VisualStudioVersion = 15.0.27428.2037
MinimumVisualStudioVersion = 10.0.40219.1
Project("{FAE04EC0-301F-11D3-BF4B-00C04F79EFBC}") = "NumbersGame", "NumbersGame\NumbersGame.csproj", "{F986D814-9D8F-4B19-927C-FA04BEAB0C47}"
EndProject
Global
	GlobalSection(SolutionConfigurationPlatforms) = preSolution
		Debug|Any CPU = Debug|Any CPU
		Release|Any CPU = Release|Any CPU
	EndGlobalSection
	GlobalSection(ProjectConfigurationPlatforms) = postSolution
		{F986D814-9D8F-4B19-927C-FA04BEAB0C47}.Debug|Any CPU.ActiveCfg = Debug|Any CPU
		{F986D814-9D8F-4B19-927C-FA04BEAB0C47}.Debug|Any CPU.Build.0 = Debug|Any CPU
		{F986D814-9D8F-4B19-927C-FA04BEAB0C47}.Release|Any CPU.ActiveCfg = Release|Any CPU
		{F986D814-9D8F-4B19-927C-FA04BEAB0C47}.Release|Any CPU.Build.0 = Release|Any CPU
	EndGlobalSection
	GlobalSection(SolutionProperties) = preSolution
		HideSolutionNode = FALSE
	EndGlobalSection
	GlobalSection(ExtensibilityGlobals) = postSolution
		SolutionGuid = {D78973C8-7257-4EBA-B840-F3EABD818732}
	EndGlobalSection
EndGlobal
